
Microsoft Visual Studio Solution File, Format Version 12.00
# Visual Studio Version 16
VisualStudioVersion = 16.0.30711.63
MinimumVisualStudioVersion = 10.0.40219.1
Project("{FAE04EC0-301F-11D3-BF4B-00C04F79EFBC}") = "migros", "migros\migros.csproj", "{518EA4C1-1852-4C88-B77F-03F4A70E65B1}"
EndProject
Global
	GlobalSection(SolutionConfigurationPlatforms) = preSolution
		Debug|Any CPU = Debug|Any CPU
		Release|Any CPU = Release|Any CPU
	EndGlobalSection
	GlobalSection(ProjectConfigurationPlatforms) = postSolution
		{518EA4C1-1852-4C88-B77F-03F4A70E65B1}.Debug|Any CPU.ActiveCfg = Debug|Any CPU
		{518EA4C1-1852-4C88-B77F-03F4A70E65B1}.Debug|Any CPU.Build.0 = Debug|Any CPU
		{518EA4C1-1852-4C88-B77F-03F4A70E65B1}.Release|Any CPU.ActiveCfg = Release|Any CPU
		{518EA4C1-1852-4C88-B77F-03F4A70E65B1}.Release|Any CPU.Build.0 = Release|Any CPU
	EndGlobalSection
	GlobalSection(SolutionProperties) = preSolution
		HideSolutionNode = FALSE
	EndGlobalSection
	GlobalSection(ExtensibilityGlobals) = postSolution
		SolutionGuid = {CC279E70-B76B-464E-8C5D-45C82D06B8D3}
	EndGlobalSection
EndGlobal
